
Microsoft Visual Studio Solution File, Format Version 12.00
# Visual Studio Version 16
VisualStudioVersion = 16.0.31205.134
MinimumVisualStudioVersion = 10.0.40219.1
Project("{2150E333-8FDC-42A3-9474-1A3956D46DE8}") = "src", "src", "{525807AC-EAD7-4886-AA82-EB816DF7BA15}"
EndProject
Project("{2150E333-8FDC-42A3-9474-1A3956D46DE8}") = "Forum", "Forum", "{CB9E9E55-F9DD-4A7E-8117-7B71AE6CF3DF}"
EndProject
Project("{2150E333-8FDC-42A3-9474-1A3956D46DE8}") = "Api", "Api", "{DC464DB4-8901-41CF-99F5-12F4BAF2F8A0}"
EndProject
Project("{2150E333-8FDC-42A3-9474-1A3956D46DE8}") = "Core", "Core", "{72619072-9D33-4DF5-9ECF-7BC94AA7F542}"
EndProject
Project("{2150E333-8FDC-42A3-9474-1A3956D46DE8}") = "Infrastructure", "Infrastructure", "{35A665E8-C830-4CF6-A5C8-F2D21A146172}"
EndProject
Project("{9A19103F-16F7-4668-BE54-9A1E7A4F7556}") = "NZForum.Api", "src\Forum\Api\NZForum.Api\NZForum.Api.csproj", "{4EA7F36D-8008-4DFA-AD4E-C2184E26602A}"
EndProject
Project("{9A19103F-16F7-4668-BE54-9A1E7A4F7556}") = "Forum.Domain", "src\Forum\Core\Forum.Domain\Forum.Domain.csproj", "{03A6A670-F997-45B5-87B6-5D3DAAB33983}"
EndProject
Project("{2150E333-8FDC-42A3-9474-1A3956D46DE8}") = "Common", "Common", "{1E5C7D82-F646-45DE-9256-7EFC68BC2861}"
EndProject
Project("{9A19103F-16F7-4668-BE54-9A1E7A4F7556}") = "Common.Services", "src\Common\Common.Services\Common.Services.csproj", "{27F567A5-409E-48F1-8279-A0059CBBFE6C}"
EndProject
Project("{9A19103F-16F7-4668-BE54-9A1E7A4F7556}") = "Forum.Application", "src\Forum\Core\Forum.Application\Forum.Application.csproj", "{4570D857-EBF7-4EB4-911F-E784FDFAC031}"
EndProject
Project("{9A19103F-16F7-4668-BE54-9A1E7A4F7556}") = "Forum.Persistence", "src\Forum\Infrastructure\Forum.Persistence\Forum.Persistence.csproj", "{A39C7A24-67B5-4179-B52B-4DB9DA539BE9}"
EndProject
Project("{9A19103F-16F7-4668-BE54-9A1E7A4F7556}") = "Forum.Infrastructure", "src\Forum\Infrastructure\Forum.Infrastructure\Forum.Infrastructure.csproj", "{2006D6CC-3A88-454D-97DB-849F44585407}"
EndProject
Project("{2150E333-8FDC-42A3-9474-1A3956D46DE8}") = "IdentityServer4", "IdentityServer4", "{26AF2C95-F7B1-4DCE-9394-CF76FE4FB17E}"
EndProject
Project("{FAE04EC0-301F-11D3-BF4B-00C04F79EFBC}") = "IdentityServer", "src\IdentityServer4\IdentityServer\IdentityServer.csproj", "{79EBC788-EFA0-4F3F-B3CE-EB940E31630B}"
EndProject
Project("{2150E333-8FDC-42A3-9474-1A3956D46DE8}") = "Client", "Client", "{822A8010-1061-4422-9124-0F916189254A}"
EndProject
Project("{FAE04EC0-301F-11D3-BF4B-00C04F79EFBC}") = "NZForum.Client", "src\Client\NZForum.Client\NZForum.Client.csproj", "{3690840A-E654-47B0-B24B-785350261789}"
EndProject
Global
	GlobalSection(SolutionConfigurationPlatforms) = preSolution
		Debug|Any CPU = Debug|Any CPU
		Release|Any CPU = Release|Any CPU
	EndGlobalSection
	GlobalSection(ProjectConfigurationPlatforms) = postSolution
		{4EA7F36D-8008-4DFA-AD4E-C2184E26602A}.Debug|Any CPU.ActiveCfg = Debug|Any CPU
		{4EA7F36D-8008-4DFA-AD4E-C2184E26602A}.Debug|Any CPU.Build.0 = Debug|Any CPU
		{4EA7F36D-8008-4DFA-AD4E-C2184E26602A}.Release|Any CPU.ActiveCfg = Release|Any CPU
		{4EA7F36D-8008-4DFA-AD4E-C2184E26602A}.Release|Any CPU.Build.0 = Release|Any CPU
		{03A6A670-F997-45B5-87B6-5D3DAAB33983}.Debug|Any CPU.ActiveCfg = Debug|Any CPU
		{03A6A670-F997-45B5-87B6-5D3DAAB33983}.Debug|Any CPU.Build.0 = Debug|Any CPU
		{03A6A670-F997-45B5-87B6-5D3DAAB33983}.Release|Any CPU.ActiveCfg = Release|Any CPU
		{03A6A670-F997-45B5-87B6-5D3DAAB33983}.Release|Any CPU.Build.0 = Release|Any CPU
		{27F567A5-409E-48F1-8279-A0059CBBFE6C}.Debug|Any CPU.ActiveCfg = Debug|Any CPU
		{27F567A5-409E-48F1-8279-A0059CBBFE6C}.Debug|Any CPU.Build.0 = Debug|Any CPU
		{27F567A5-409E-48F1-8279-A0059CBBFE6C}.Release|Any CPU.ActiveCfg = Release|Any CPU
		{27F567A5-409E-48F1-8279-A0059CBBFE6C}.Release|Any CPU.Build.0 = Release|Any CPU
		{4570D857-EBF7-4EB4-911F-E784FDFAC031}.Debug|Any CPU.ActiveCfg = Debug|Any CPU
		{4570D857-EBF7-4EB4-911F-E784FDFAC031}.Debug|Any CPU.Build.0 = Debug|Any CPU
		{4570D857-EBF7-4EB4-911F-E784FDFAC031}.Release|Any CPU.ActiveCfg = Release|Any CPU
		{4570D857-EBF7-4EB4-911F-E784FDFAC031}.Release|Any CPU.Build.0 = Release|Any CPU
		{A39C7A24-67B5-4179-B52B-4DB9DA539BE9}.Debug|Any CPU.ActiveCfg = Debug|Any CPU
		{A39C7A24-67B5-4179-B52B-4DB9DA539BE9}.Debug|Any CPU.Build.0 = Debug|Any CPU
		{A39C7A24-67B5-4179-B52B-4DB9DA539BE9}.Release|Any CPU.ActiveCfg = Release|Any CPU
		{A39C7A24-67B5-4179-B52B-4DB9DA539BE9}.Release|Any CPU.Build.0 = Release|Any CPU
		{2006D6CC-3A88-454D-97DB-849F44585407}.Debug|Any CPU.ActiveCfg = Debug|Any CPU
		{2006D6CC-3A88-454D-97DB-849F44585407}.Debug|Any CPU.Build.0 = Debug|Any CPU
		{2006D6CC-3A88-454D-97DB-849F44585407}.Release|Any CPU.ActiveCfg = Release|Any CPU
		{2006D6CC-3A88-454D-97DB-849F44585407}.Release|Any CPU.Build.0 = Release|Any CPU
		{79EBC788-EFA0-4F3F-B3CE-EB940E31630B}.Debug|Any CPU.ActiveCfg = Debug|Any CPU
		{79EBC788-EFA0-4F3F-B3CE-EB940E31630B}.Debug|Any CPU.Build.0 = Debug|Any CPU
		{79EBC788-EFA0-4F3F-B3CE-EB940E31630B}.Release|Any CPU.ActiveCfg = Release|Any CPU
		{79EBC788-EFA0-4F3F-B3CE-EB940E31630B}.Release|Any CPU.Build.0 = Release|Any CPU
		{3690840A-E654-47B0-B24B-785350261789}.Debug|Any CPU.ActiveCfg = Debug|Any CPU
		{3690840A-E654-47B0-B24B-785350261789}.Debug|Any CPU.Build.0 = Debug|Any CPU
		{3690840A-E654-47B0-B24B-785350261789}.Release|Any CPU.ActiveCfg = Release|Any CPU
		{3690840A-E654-47B0-B24B-785350261789}.Release|Any CPU.Build.0 = Release|Any CPU
	EndGlobalSection
	GlobalSection(SolutionProperties) = preSolution
		HideSolutionNode = FALSE
	EndGlobalSection
	GlobalSection(NestedProjects) = preSolution
		{CB9E9E55-F9DD-4A7E-8117-7B71AE6CF3DF} = {525807AC-EAD7-4886-AA82-EB816DF7BA15}
		{DC464DB4-8901-41CF-99F5-12F4BAF2F8A0} = {CB9E9E55-F9DD-4A7E-8117-7B71AE6CF3DF}
		{72619072-9D33-4DF5-9ECF-7BC94AA7F542} = {CB9E9E55-F9DD-4A7E-8117-7B71AE6CF3DF}
		{35A665E8-C830-4CF6-A5C8-F2D21A146172} = {CB9E9E55-F9DD-4A7E-8117-7B71AE6CF3DF}
		{4EA7F36D-8008-4DFA-AD4E-C2184E26602A} = {DC464DB4-8901-41CF-99F5-12F4BAF2F8A0}
		{03A6A670-F997-45B5-87B6-5D3DAAB33983} = {72619072-9D33-4DF5-9ECF-7BC94AA7F542}
		{1E5C7D82-F646-45DE-9256-7EFC68BC2861} = {525807AC-EAD7-4886-AA82-EB816DF7BA15}
		{27F567A5-409E-48F1-8279-A0059CBBFE6C} = {1E5C7D82-F646-45DE-9256-7EFC68BC2861}
		{4570D857-EBF7-4EB4-911F-E784FDFAC031} = {72619072-9D33-4DF5-9ECF-7BC94AA7F542}
		{A39C7A24-67B5-4179-B52B-4DB9DA539BE9} = {35A665E8-C830-4CF6-A5C8-F2D21A146172}
		{2006D6CC-3A88-454D-97DB-849F44585407} = {35A665E8-C830-4CF6-A5C8-F2D21A146172}
		{26AF2C95-F7B1-4DCE-9394-CF76FE4FB17E} = {525807AC-EAD7-4886-AA82-EB816DF7BA15}
		{79EBC788-EFA0-4F3F-B3CE-EB940E31630B} = {26AF2C95-F7B1-4DCE-9394-CF76FE4FB17E}
		{822A8010-1061-4422-9124-0F916189254A} = {525807AC-EAD7-4886-AA82-EB816DF7BA15}
		{3690840A-E654-47B0-B24B-785350261789} = {822A8010-1061-4422-9124-0F916189254A}
	EndGlobalSection
	GlobalSection(ExtensibilityGlobals) = postSolution
		SolutionGuid = {B1BE0A3F-A1A8-4FC7-8CD1-8B203005FB4F}
	EndGlobalSection
EndGlobal
